
Microsoft Visual Studio Solution File, Format Version 12.00
Project("{FAE04EC0-301F-11D3-BF4B-00C04F79EFBC}") = "Subway", "Subway\Subway.csproj", "{286C0020-8027-4115-9CA3-F1DA333CF7F1}"
EndProject
Project("{FAE04EC0-301F-11D3-BF4B-00C04F79EFBC}") = "SubwayTest", "SubwayTest\SubwayTest.csproj", "{4CF93E6D-AD08-41D2-89A6-30BB7C8F9A6F}"
EndProject
Global
	GlobalSection(SolutionConfigurationPlatforms) = preSolution
		Debug|Any CPU = Debug|Any CPU
		Release|Any CPU = Release|Any CPU
	EndGlobalSection
	GlobalSection(ProjectConfigurationPlatforms) = postSolution
		{286C0020-8027-4115-9CA3-F1DA333CF7F1}.Debug|Any CPU.ActiveCfg = Debug|Any CPU
		{286C0020-8027-4115-9CA3-F1DA333CF7F1}.Debug|Any CPU.Build.0 = Debug|Any CPU
		{286C0020-8027-4115-9CA3-F1DA333CF7F1}.Release|Any CPU.ActiveCfg = Release|Any CPU
		{286C0020-8027-4115-9CA3-F1DA333CF7F1}.Release|Any CPU.Build.0 = Release|Any CPU
		{4CF93E6D-AD08-41D2-89A6-30BB7C8F9A6F}.Debug|Any CPU.ActiveCfg = Debug|Any CPU
		{4CF93E6D-AD08-41D2-89A6-30BB7C8F9A6F}.Debug|Any CPU.Build.0 = Debug|Any CPU
		{4CF93E6D-AD08-41D2-89A6-30BB7C8F9A6F}.Release|Any CPU.ActiveCfg = Release|Any CPU
		{4CF93E6D-AD08-41D2-89A6-30BB7C8F9A6F}.Release|Any CPU.Build.0 = Release|Any CPU
	EndGlobalSection
EndGlobal
